
Microsoft Visual Studio Solution File, Format Version 12.00
# Visual Studio Version 17
VisualStudioVersion = 17.14.36301.6
MinimumVisualStudioVersion = 10.0.40219.1
Project("{FAE04EC0-301F-11D3-BF4B-00C04F79EFBC}") = "Streaming.Api", "Streaming.Api\Streaming.Api.csproj", "{4F606CA2-09EA-4E1F-8E83-5B42B9DD3F1A}"
EndProject
Project("{FAE04EC0-301F-11D3-BF4B-00C04F79EFBC}") = "Streaming.Api.Client", "Streaming.Api.Client\Streaming.Api.Client.csproj", "{C66C7CA5-3180-487B-AC6C-4910EAD9AF05}"
EndProject
Project("{FAE04EC0-301F-11D3-BF4B-00C04F79EFBC}") = "Streaming.Api.Shared", "Streaming.Api.Shared\Streaming.Api.Shared.csproj", "{09A81CF1-8882-412B-ACD4-6E1001A1F260}"
EndProject
Project("{FAE04EC0-301F-11D3-BF4B-00C04F79EFBC}") = "Blazing.Mediator", "..\..\Blazing.Mediator\Blazing.Mediator.csproj", "{8A2B0979-17B1-F400-20A5-8DD7667EFFE4}"
EndProject
Global
	GlobalSection(SolutionConfigurationPlatforms) = preSolution
		Debug|Any CPU = Debug|Any CPU
		Debug|x64 = Debug|x64
		Debug|x86 = Debug|x86
		Release|Any CPU = Release|Any CPU
		Release|x64 = Release|x64
		Release|x86 = Release|x86
	EndGlobalSection
	GlobalSection(ProjectConfigurationPlatforms) = postSolution
		{4F606CA2-09EA-4E1F-8E83-5B42B9DD3F1A}.Debug|Any CPU.ActiveCfg = Debug|Any CPU
		{4F606CA2-09EA-4E1F-8E83-5B42B9DD3F1A}.Debug|Any CPU.Build.0 = Debug|Any CPU
		{4F606CA2-09EA-4E1F-8E83-5B42B9DD3F1A}.Debug|x64.ActiveCfg = Debug|Any CPU
		{4F606CA2-09EA-4E1F-8E83-5B42B9DD3F1A}.Debug|x64.Build.0 = Debug|Any CPU
		{4F606CA2-09EA-4E1F-8E83-5B42B9DD3F1A}.Debug|x86.ActiveCfg = Debug|Any CPU
		{4F606CA2-09EA-4E1F-8E83-5B42B9DD3F1A}.Debug|x86.Build.0 = Debug|Any CPU
		{4F606CA2-09EA-4E1F-8E83-5B42B9DD3F1A}.Release|Any CPU.ActiveCfg = Release|Any CPU
		{4F606CA2-09EA-4E1F-8E83-5B42B9DD3F1A}.Release|Any CPU.Build.0 = Release|Any CPU
		{4F606CA2-09EA-4E1F-8E83-5B42B9DD3F1A}.Release|x64.ActiveCfg = Release|Any CPU
		{4F606CA2-09EA-4E1F-8E83-5B42B9DD3F1A}.Release|x64.Build.0 = Release|Any CPU
		{4F606CA2-09EA-4E1F-8E83-5B42B9DD3F1A}.Release|x86.ActiveCfg = Release|Any CPU
		{4F606CA2-09EA-4E1F-8E83-5B42B9DD3F1A}.Release|x86.Build.0 = Release|Any CPU
		{C66C7CA5-3180-487B-AC6C-4910EAD9AF05}.Debug|Any CPU.ActiveCfg = Debug|Any CPU
		{C66C7CA5-3180-487B-AC6C-4910EAD9AF05}.Debug|Any CPU.Build.0 = Debug|Any CPU
		{C66C7CA5-3180-487B-AC6C-4910EAD9AF05}.Debug|x64.ActiveCfg = Debug|Any CPU
		{C66C7CA5-3180-487B-AC6C-4910EAD9AF05}.Debug|x64.Build.0 = Debug|Any CPU
		{C66C7CA5-3180-487B-AC6C-4910EAD9AF05}.Debug|x86.ActiveCfg = Debug|Any CPU
		{C66C7CA5-3180-487B-AC6C-4910EAD9AF05}.Debug|x86.Build.0 = Debug|Any CPU
		{C66C7CA5-3180-487B-AC6C-4910EAD9AF05}.Release|Any CPU.ActiveCfg = Release|Any CPU
		{C66C7CA5-3180-487B-AC6C-4910EAD9AF05}.Release|Any CPU.Build.0 = Release|Any CPU
		{C66C7CA5-3180-487B-AC6C-4910EAD9AF05}.Release|x64.ActiveCfg = Release|Any CPU
		{C66C7CA5-3180-487B-AC6C-4910EAD9AF05}.Release|x64.Build.0 = Release|Any CPU
		{C66C7CA5-3180-487B-AC6C-4910EAD9AF05}.Release|x86.ActiveCfg = Release|Any CPU
		{C66C7CA5-3180-487B-AC6C-4910EAD9AF05}.Release|x86.Build.0 = Release|Any CPU
		{09A81CF1-8882-412B-ACD4-6E1001A1F260}.Debug|Any CPU.ActiveCfg = Debug|Any CPU
		{09A81CF1-8882-412B-ACD4-6E1001A1F260}.Debug|Any CPU.Build.0 = Debug|Any CPU
		{09A81CF1-8882-412B-ACD4-6E1001A1F260}.Debug|x64.ActiveCfg = Debug|Any CPU
		{09A81CF1-8882-412B-ACD4-6E1001A1F260}.Debug|x64.Build.0 = Debug|Any CPU
		{09A81CF1-8882-412B-ACD4-6E1001A1F260}.Debug|x86.ActiveCfg = Debug|Any CPU
		{09A81CF1-8882-412B-ACD4-6E1001A1F260}.Debug|x86.Build.0 = Debug|Any CPU
		{09A81CF1-8882-412B-ACD4-6E1001A1F260}.Release|Any CPU.ActiveCfg = Release|Any CPU
		{09A81CF1-8882-412B-ACD4-6E1001A1F260}.Release|Any CPU.Build.0 = Release|Any CPU
		{09A81CF1-8882-412B-ACD4-6E1001A1F260}.Release|x64.ActiveCfg = Release|Any CPU
		{09A81CF1-8882-412B-ACD4-6E1001A1F260}.Release|x64.Build.0 = Release|Any CPU
		{09A81CF1-8882-412B-ACD4-6E1001A1F260}.Release|x86.ActiveCfg = Release|Any CPU
		{09A81CF1-8882-412B-ACD4-6E1001A1F260}.Release|x86.Build.0 = Release|Any CPU
		{8A2B0979-17B1-F400-20A5-8DD7667EFFE4}.Debug|Any CPU.ActiveCfg = Debug|Any CPU
		{8A2B0979-17B1-F400-20A5-8DD7667EFFE4}.Debug|Any CPU.Build.0 = Debug|Any CPU
		{8A2B0979-17B1-F400-20A5-8DD7667EFFE4}.Debug|x64.ActiveCfg = Debug|Any CPU
		{8A2B0979-17B1-F400-20A5-8DD7667EFFE4}.Debug|x64.Build.0 = Debug|Any CPU
		{8A2B0979-17B1-F400-20A5-8DD7667EFFE4}.Debug|x86.ActiveCfg = Debug|Any CPU
		{8A2B0979-17B1-F400-20A5-8DD7667EFFE4}.Debug|x86.Build.0 = Debug|Any CPU
		{8A2B0979-17B1-F400-20A5-8DD7667EFFE4}.Release|Any CPU.ActiveCfg = Release|Any CPU
		{8A2B0979-17B1-F400-20A5-8DD7667EFFE4}.Release|Any CPU.Build.0 = Release|Any CPU
		{8A2B0979-17B1-F400-20A5-8DD7667EFFE4}.Release|x64.ActiveCfg = Release|Any CPU
		{8A2B0979-17B1-F400-20A5-8DD7667EFFE4}.Release|x64.Build.0 = Release|Any CPU
		{8A2B0979-17B1-F400-20A5-8DD7667EFFE4}.Release|x86.ActiveCfg = Release|Any CPU
		{8A2B0979-17B1-F400-20A5-8DD7667EFFE4}.Release|x86.Build.0 = Release|Any CPU
	EndGlobalSection
	GlobalSection(SolutionProperties) = preSolution
		HideSolutionNode = FALSE
	EndGlobalSection
	GlobalSection(ExtensibilityGlobals) = postSolution
		SolutionGuid = {E82E28EA-BC62-477E-954C-F54583F09576}
	EndGlobalSection
EndGlobal
